// !$*UTF8*$!
{
	archiveVersion = 1;
	classes = {
	};
	objectVersion = 54;
	objects = {

/* Begin PBXBuildFile section */
		502878872A4954C5001832ED /* Rick_Morty_Font.otf in Resources */ = {isa = PBXBuildFile; fileRef = 502878862A4954C5001832ED /* Rick_Morty_Font.otf */; };
		5028788A2A495D74001832ED /* HomeViewModel+UICollectionViewDataSource.swift in Sources */ = {isa = PBXBuildFile; fileRef = 502878892A495D74001832ED /* HomeViewModel+UICollectionViewDataSource.swift */; };
		5028788C2A495E19001832ED /* HomeViewModel+UICollectionViewDelegate.swift in Sources */ = {isa = PBXBuildFile; fileRef = 5028788B2A495E19001832ED /* HomeViewModel+UICollectionViewDelegate.swift */; };
		5028788E2A4A2102001832ED /* CharacterModel.swift in Sources */ = {isa = PBXBuildFile; fileRef = 5028788D2A4A2102001832ED /* CharacterModel.swift */; };
		507CAA562A4A4436002E5793 /* CharacterViewCell.swift in Sources */ = {isa = PBXBuildFile; fileRef = 507CAA552A4A4436002E5793 /* CharacterViewCell.swift */; };
		507CAA582A4A7DE8002E5793 /* HomeViewModel.swift in Sources */ = {isa = PBXBuildFile; fileRef = 507CAA572A4A7DE8002E5793 /* HomeViewModel.swift */; };
		507CAA5A2A4A8450002E5793 /* FilterType.swift in Sources */ = {isa = PBXBuildFile; fileRef = 507CAA592A4A8450002E5793 /* FilterType.swift */; };
		507CAA5C2A4A854B002E5793 /* HomeViewModel+Service.swift in Sources */ = {isa = PBXBuildFile; fileRef = 507CAA5B2A4A854B002E5793 /* HomeViewModel+Service.swift */; };
		507CAA5E2A4A8802002E5793 /* ResponseCharacterModel.swift in Sources */ = {isa = PBXBuildFile; fileRef = 507CAA5D2A4A8802002E5793 /* ResponseCharacterModel.swift */; };
		507CAA612A4AA74C002E5793 /* ServiceManager.swift in Sources */ = {isa = PBXBuildFile; fileRef = 507CAA602A4AA74C002E5793 /* ServiceManager.swift */; };
		507CAA672A4B8A18002E5793 /* CharacterDetailViewController.swift in Sources */ = {isa = PBXBuildFile; fileRef = 507CAA662A4B8A18002E5793 /* CharacterDetailViewController.swift */; };
		507CAA6A2A4B8B7A002E5793 /* HomeCoordinator.swift in Sources */ = {isa = PBXBuildFile; fileRef = 507CAA692A4B8B7A002E5793 /* HomeCoordinator.swift */; };
		507CAA6C2A4B8CB7002E5793 /* CharacterDetailCoordinator.swift in Sources */ = {isa = PBXBuildFile; fileRef = 507CAA6B2A4B8CB7002E5793 /* CharacterDetailCoordinator.swift */; };
		507CAA722A4BBBB5002E5793 /* CharacterDetailView.swift in Sources */ = {isa = PBXBuildFile; fileRef = 507CAA712A4BBBB5002E5793 /* CharacterDetailView.swift */; };
		509762502A48E68400AC6066 /* HomeViewController.swift in Sources */ = {isa = PBXBuildFile; fileRef = 5097624F2A48E68400AC6066 /* HomeViewController.swift */; };
		509762582A493C4800AC6066 /* UIButton.swift in Sources */ = {isa = PBXBuildFile; fileRef = 509762572A493C4800AC6066 /* UIButton.swift */; };
		5097625A2A493CA100AC6066 /* UIView+Constraints.swift in Sources */ = {isa = PBXBuildFile; fileRef = 509762592A493CA100AC6066 /* UIView+Constraints.swift */; };
		5097625C2A493D1F00AC6066 /* StackView.swift in Sources */ = {isa = PBXBuildFile; fileRef = 5097625B2A493D1F00AC6066 /* StackView.swift */; };
		6B518F4AAA9C3D7F268D44C7 /* Pods_StoneChallenge.framework in Frameworks */ = {isa = PBXBuildFile; fileRef = 090BE5C3B0E0A68713A63EBB /* Pods_StoneChallenge.framework */; };
		C1D0693C2767DA8B00883CE8 /* AppDelegate.swift in Sources */ = {isa = PBXBuildFile; fileRef = C1D0693B2767DA8B00883CE8 /* AppDelegate.swift */; };
		C1D0693E2767DA8B00883CE8 /* SceneDelegate.swift in Sources */ = {isa = PBXBuildFile; fileRef = C1D0693D2767DA8B00883CE8 /* SceneDelegate.swift */; };
		C1D069452767DA8C00883CE8 /* Assets.xcassets in Resources */ = {isa = PBXBuildFile; fileRef = C1D069442767DA8C00883CE8 /* Assets.xcassets */; };
		C1D069482767DA8C00883CE8 /* LaunchScreen.storyboard in Resources */ = {isa = PBXBuildFile; fileRef = C1D069462767DA8C00883CE8 /* LaunchScreen.storyboard */; };
		C1D069552767DE6800883CE8 /* HomeView.swift in Sources */ = {isa = PBXBuildFile; fileRef = C1D069542767DE6800883CE8 /* HomeView.swift */; };
/* End PBXBuildFile section */

/* Begin PBXFileReference section */
		090BE5C3B0E0A68713A63EBB /* Pods_StoneChallenge.framework */ = {isa = PBXFileReference; explicitFileType = wrapper.framework; includeInIndex = 0; path = Pods_StoneChallenge.framework; sourceTree = BUILT_PRODUCTS_DIR; };
		502878862A4954C5001832ED /* Rick_Morty_Font.otf */ = {isa = PBXFileReference; lastKnownFileType = file; path = Rick_Morty_Font.otf; sourceTree = "<group>"; };
		502878892A495D74001832ED /* HomeViewModel+UICollectionViewDataSource.swift */ = {isa = PBXFileReference; lastKnownFileType = sourcecode.swift; path = "HomeViewModel+UICollectionViewDataSource.swift"; sourceTree = "<group>"; };
		5028788B2A495E19001832ED /* HomeViewModel+UICollectionViewDelegate.swift */ = {isa = PBXFileReference; lastKnownFileType = sourcecode.swift; path = "HomeViewModel+UICollectionViewDelegate.swift"; sourceTree = "<group>"; };
		5028788D2A4A2102001832ED /* CharacterModel.swift */ = {isa = PBXFileReference; lastKnownFileType = sourcecode.swift; path = CharacterModel.swift; sourceTree = "<group>"; };
		507CAA552A4A4436002E5793 /* CharacterViewCell.swift */ = {isa = PBXFileReference; lastKnownFileType = sourcecode.swift; path = CharacterViewCell.swift; sourceTree = "<group>"; };
		507CAA572A4A7DE8002E5793 /* HomeViewModel.swift */ = {isa = PBXFileReference; lastKnownFileType = sourcecode.swift; path = HomeViewModel.swift; sourceTree = "<group>"; };
		507CAA592A4A8450002E5793 /* FilterType.swift */ = {isa = PBXFileReference; lastKnownFileType = sourcecode.swift; path = FilterType.swift; sourceTree = "<group>"; };
		507CAA5B2A4A854B002E5793 /* HomeViewModel+Service.swift */ = {isa = PBXFileReference; lastKnownFileType = sourcecode.swift; path = "HomeViewModel+Service.swift"; sourceTree = "<group>"; };
		507CAA5D2A4A8802002E5793 /* ResponseCharacterModel.swift */ = {isa = PBXFileReference; lastKnownFileType = sourcecode.swift; path = ResponseCharacterModel.swift; sourceTree = "<group>"; };
		507CAA602A4AA74C002E5793 /* ServiceManager.swift */ = {isa = PBXFileReference; lastKnownFileType = sourcecode.swift; path = ServiceManager.swift; sourceTree = "<group>"; };
		507CAA662A4B8A18002E5793 /* CharacterDetailViewController.swift */ = {isa = PBXFileReference; lastKnownFileType = sourcecode.swift; path = CharacterDetailViewController.swift; sourceTree = "<group>"; };
		507CAA692A4B8B7A002E5793 /* HomeCoordinator.swift */ = {isa = PBXFileReference; lastKnownFileType = sourcecode.swift; path = HomeCoordinator.swift; sourceTree = "<group>"; };
		507CAA6B2A4B8CB7002E5793 /* CharacterDetailCoordinator.swift */ = {isa = PBXFileReference; lastKnownFileType = sourcecode.swift; path = CharacterDetailCoordinator.swift; sourceTree = "<group>"; };
		507CAA712A4BBBB5002E5793 /* CharacterDetailView.swift */ = {isa = PBXFileReference; lastKnownFileType = sourcecode.swift; path = CharacterDetailView.swift; sourceTree = "<group>"; };
		5097624F2A48E68400AC6066 /* HomeViewController.swift */ = {isa = PBXFileReference; lastKnownFileType = sourcecode.swift; path = HomeViewController.swift; sourceTree = "<group>"; };
		509762572A493C4800AC6066 /* UIButton.swift */ = {isa = PBXFileReference; lastKnownFileType = sourcecode.swift; path = UIButton.swift; sourceTree = "<group>"; };
		509762592A493CA100AC6066 /* UIView+Constraints.swift */ = {isa = PBXFileReference; lastKnownFileType = sourcecode.swift; path = "UIView+Constraints.swift"; sourceTree = "<group>"; };
		5097625B2A493D1F00AC6066 /* StackView.swift */ = {isa = PBXFileReference; lastKnownFileType = sourcecode.swift; path = StackView.swift; sourceTree = "<group>"; };
		5AA20EB4ED17347D60CA521D /* Pods-StoneChallenge.release.xcconfig */ = {isa = PBXFileReference; includeInIndex = 1; lastKnownFileType = text.xcconfig; name = "Pods-StoneChallenge.release.xcconfig"; path = "Target Support Files/Pods-StoneChallenge/Pods-StoneChallenge.release.xcconfig"; sourceTree = "<group>"; };
		79436EDA9F0E42471EA444AE /* Pods-StoneChallenge.debug.xcconfig */ = {isa = PBXFileReference; includeInIndex = 1; lastKnownFileType = text.xcconfig; name = "Pods-StoneChallenge.debug.xcconfig"; path = "Target Support Files/Pods-StoneChallenge/Pods-StoneChallenge.debug.xcconfig"; sourceTree = "<group>"; };
		C1D069382767DA8B00883CE8 /* StoneChallenge.app */ = {isa = PBXFileReference; explicitFileType = wrapper.application; includeInIndex = 0; path = StoneChallenge.app; sourceTree = BUILT_PRODUCTS_DIR; };
		C1D0693B2767DA8B00883CE8 /* AppDelegate.swift */ = {isa = PBXFileReference; lastKnownFileType = sourcecode.swift; path = AppDelegate.swift; sourceTree = "<group>"; };
		C1D0693D2767DA8B00883CE8 /* SceneDelegate.swift */ = {isa = PBXFileReference; lastKnownFileType = sourcecode.swift; path = SceneDelegate.swift; sourceTree = "<group>"; };
		C1D069442767DA8C00883CE8 /* Assets.xcassets */ = {isa = PBXFileReference; lastKnownFileType = folder.assetcatalog; path = Assets.xcassets; sourceTree = "<group>"; };
		C1D069472767DA8C00883CE8 /* Base */ = {isa = PBXFileReference; lastKnownFileType = file.storyboard; name = Base; path = Base.lproj/LaunchScreen.storyboard; sourceTree = "<group>"; };
		C1D069492767DA8C00883CE8 /* Info.plist */ = {isa = PBXFileReference; lastKnownFileType = text.plist.xml; path = Info.plist; sourceTree = "<group>"; };
		C1D069542767DE6800883CE8 /* HomeView.swift */ = {isa = PBXFileReference; lastKnownFileType = sourcecode.swift; path = HomeView.swift; sourceTree = "<group>"; };
/* End PBXFileReference section */

/* Begin PBXFrameworksBuildPhase section */
		C1D069352767DA8B00883CE8 /* Frameworks */ = {
			isa = PBXFrameworksBuildPhase;
			buildActionMask = 2147483647;
			files = (
				6B518F4AAA9C3D7F268D44C7 /* Pods_StoneChallenge.framework in Frameworks */,
			);
			runOnlyForDeploymentPostprocessing = 0;
		};
/* End PBXFrameworksBuildPhase section */

/* Begin PBXGroup section */
		1052C84F9634DC87F4209876 /* Pods */ = {
			isa = PBXGroup;
			children = (
				79436EDA9F0E42471EA444AE /* Pods-StoneChallenge.debug.xcconfig */,
				5AA20EB4ED17347D60CA521D /* Pods-StoneChallenge.release.xcconfig */,
			);
			path = Pods;
			sourceTree = "<group>";
		};
		502878882A4955D6001832ED /* View */ = {
			isa = PBXGroup;
			children = (
				C1D069542767DE6800883CE8 /* HomeView.swift */,
				507CAA552A4A4436002E5793 /* CharacterViewCell.swift */,
			);
			path = View;
			sourceTree = "<group>";
		};
		507CAA532A4A42E4002E5793 /* Model */ = {
			isa = PBXGroup;
			children = (
				507CAA592A4A8450002E5793 /* FilterType.swift */,
				5028788D2A4A2102001832ED /* CharacterModel.swift */,
				507CAA5D2A4A8802002E5793 /* ResponseCharacterModel.swift */,
			);
			path = Model;
			sourceTree = "<group>";
		};
		507CAA542A4A42F6002E5793 /* ViewModel */ = {
			isa = PBXGroup;
			children = (
				507CAA572A4A7DE8002E5793 /* HomeViewModel.swift */,
				5028788B2A495E19001832ED /* HomeViewModel+UICollectionViewDelegate.swift */,
				502878892A495D74001832ED /* HomeViewModel+UICollectionViewDataSource.swift */,
				507CAA5B2A4A854B002E5793 /* HomeViewModel+Service.swift */,
			);
			path = ViewModel;
			sourceTree = "<group>";
		};
		507CAA5F2A4AA71C002E5793 /* Service */ = {
			isa = PBXGroup;
			children = (
				507CAA602A4AA74C002E5793 /* ServiceManager.swift */,
			);
			path = Service;
			sourceTree = "<group>";
		};
		507CAA682A4B8B53002E5793 /* Coordinator */ = {
			isa = PBXGroup;
			children = (
				507CAA692A4B8B7A002E5793 /* HomeCoordinator.swift */,
			);
			path = Coordinator;
			sourceTree = "<group>";
		};
		507CAA6D2A4B999E002E5793 /* CharacterDetail */ = {
			isa = PBXGroup;
			children = (
				507CAA662A4B8A18002E5793 /* CharacterDetailViewController.swift */,
				507CAA712A4BBBB5002E5793 /* CharacterDetailView.swift */,
				507CAA6E2A4B99E5002E5793 /* Coordinator */,
				507CAA6F2A4B99EB002E5793 /* View */,
				507CAA702A4B99EF002E5793 /* ViewModel */,
			);
			path = CharacterDetail;
			sourceTree = "<group>";
		};
		507CAA6E2A4B99E5002E5793 /* Coordinator */ = {
			isa = PBXGroup;
			children = (
				507CAA6B2A4B8CB7002E5793 /* CharacterDetailCoordinator.swift */,
			);
			path = Coordinator;
			sourceTree = "<group>";
		};
		507CAA6F2A4B99EB002E5793 /* View */ = {
			isa = PBXGroup;
			children = (
			);
			path = View;
			sourceTree = "<group>";
		};
		507CAA702A4B99EF002E5793 /* ViewModel */ = {
			isa = PBXGroup;
			children = (
			);
			path = ViewModel;
			sourceTree = "<group>";
		};
		509762512A490BF300AC6066 /* Font */ = {
			isa = PBXGroup;
			children = (
				502878862A4954C5001832ED /* Rick_Morty_Font.otf */,
			);
			path = Font;
			sourceTree = "<group>";
		};
		509762562A493BF100AC6066 /* Extension */ = {
			isa = PBXGroup;
			children = (
				5097625B2A493D1F00AC6066 /* StackView.swift */,
				509762572A493C4800AC6066 /* UIButton.swift */,
				509762592A493CA100AC6066 /* UIView+Constraints.swift */,
			);
			path = Extension;
			sourceTree = "<group>";
		};
		601E9AB581D69A6D8C688F80 /* Frameworks */ = {
			isa = PBXGroup;
			children = (
				090BE5C3B0E0A68713A63EBB /* Pods_StoneChallenge.framework */,
			);
			name = Frameworks;
			sourceTree = "<group>";
		};
		C1D0692F2767DA8B00883CE8 = {
			isa = PBXGroup;
			children = (
				C1D0693A2767DA8B00883CE8 /* StoneChallenge */,
				C1D069392767DA8B00883CE8 /* Products */,
				1052C84F9634DC87F4209876 /* Pods */,
				601E9AB581D69A6D8C688F80 /* Frameworks */,
			);
			sourceTree = "<group>";
		};
		C1D069392767DA8B00883CE8 /* Products */ = {
			isa = PBXGroup;
			children = (
				C1D069382767DA8B00883CE8 /* StoneChallenge.app */,
			);
			name = Products;
			sourceTree = "<group>";
		};
		C1D0693A2767DA8B00883CE8 /* StoneChallenge */ = {
			isa = PBXGroup;
			children = (
				C1D069512767DBCE00883CE8 /* Sources */,
				507CAA6D2A4B999E002E5793 /* CharacterDetail */,
				507CAA5F2A4AA71C002E5793 /* Service */,
				509762562A493BF100AC6066 /* Extension */,
				C1D069502767DBBD00883CE8 /* Resources */,
			);
			path = StoneChallenge;
			sourceTree = "<group>";
		};
		C1D0694F2767DBAE00883CE8 /* Application */ = {
			isa = PBXGroup;
			children = (
				C1D069492767DA8C00883CE8 /* Info.plist */,
				C1D0693B2767DA8B00883CE8 /* AppDelegate.swift */,
				C1D0693D2767DA8B00883CE8 /* SceneDelegate.swift */,
			);
			path = Application;
			sourceTree = "<group>";
		};
		C1D069502767DBBD00883CE8 /* Resources */ = {
			isa = PBXGroup;
			children = (
				509762512A490BF300AC6066 /* Font */,
				C1D069462767DA8C00883CE8 /* LaunchScreen.storyboard */,
				C1D069442767DA8C00883CE8 /* Assets.xcassets */,
			);
			path = Resources;
			sourceTree = "<group>";
		};
		C1D069512767DBCE00883CE8 /* Sources */ = {
			isa = PBXGroup;
			children = (
				C1D0694F2767DBAE00883CE8 /* Application */,
				C1D069532767DE4E00883CE8 /* Home */,
			);
			path = Sources;
			sourceTree = "<group>";
		};
		C1D069532767DE4E00883CE8 /* Home */ = {
			isa = PBXGroup;
			children = (
				5097624F2A48E68400AC6066 /* HomeViewController.swift */,
				507CAA682A4B8B53002E5793 /* Coordinator */,
				507CAA532A4A42E4002E5793 /* Model */,
				502878882A4955D6001832ED /* View */,
				507CAA542A4A42F6002E5793 /* ViewModel */,
			);
			path = Home;
			sourceTree = "<group>";
		};
/* End PBXGroup section */

/* Begin PBXNativeTarget section */
		C1D069372767DA8B00883CE8 /* StoneChallenge */ = {
			isa = PBXNativeTarget;
			buildConfigurationList = C1D0694C2767DA8C00883CE8 /* Build configuration list for PBXNativeTarget "StoneChallenge" */;
			buildPhases = (
				149CE953733980A642E0177C /* [CP] Check Pods Manifest.lock */,
				C1D069342767DA8B00883CE8 /* Sources */,
				C1D069352767DA8B00883CE8 /* Frameworks */,
				C1D069362767DA8B00883CE8 /* Resources */,
				569EE77CD45FFD624A3987FF /* [CP] Embed Pods Frameworks */,
			);
			buildRules = (
			);
			dependencies = (
			);
			name = StoneChallenge;
			productName = Bootcamp;
			productReference = C1D069382767DA8B00883CE8 /* StoneChallenge.app */;
			productType = "com.apple.product-type.application";
		};
/* End PBXNativeTarget section */

/* Begin PBXProject section */
		C1D069302767DA8B00883CE8 /* Project object */ = {
			isa = PBXProject;
			attributes = {
				BuildIndependentTargetsInParallel = YES;
				LastSwiftUpdateCheck = 1300;
				LastUpgradeCheck = 1430;
				TargetAttributes = {
					C1D069372767DA8B00883CE8 = {
						CreatedOnToolsVersion = 13.0;
					};
				};
			};
			buildConfigurationList = C1D069332767DA8B00883CE8 /* Build configuration list for PBXProject "StoneChallenge" */;
			compatibilityVersion = "Xcode 12.0";
			developmentRegion = en;
			hasScannedForEncodings = 0;
			knownRegions = (
				en,
				Base,
			);
			mainGroup = C1D0692F2767DA8B00883CE8;
			productRefGroup = C1D069392767DA8B00883CE8 /* Products */;
			projectDirPath = "";
			projectRoot = "";
			targets = (
				C1D069372767DA8B00883CE8 /* StoneChallenge */,
			);
		};
/* End PBXProject section */

/* Begin PBXResourcesBuildPhase section */
		C1D069362767DA8B00883CE8 /* Resources */ = {
			isa = PBXResourcesBuildPhase;
			buildActionMask = 2147483647;
			files = (
				C1D069482767DA8C00883CE8 /* LaunchScreen.storyboard in Resources */,
				C1D069452767DA8C00883CE8 /* Assets.xcassets in Resources */,
				502878872A4954C5001832ED /* Rick_Morty_Font.otf in Resources */,
			);
			runOnlyForDeploymentPostprocessing = 0;
		};
/* End PBXResourcesBuildPhase section */

/* Begin PBXShellScriptBuildPhase section */
		149CE953733980A642E0177C /* [CP] Check Pods Manifest.lock */ = {
			isa = PBXShellScriptBuildPhase;
			buildActionMask = 2147483647;
			files = (
			);
			inputFileListPaths = (
			);
			inputPaths = (
				"${PODS_PODFILE_DIR_PATH}/Podfile.lock",
				"${PODS_ROOT}/Manifest.lock",
			);
			name = "[CP] Check Pods Manifest.lock";
			outputFileListPaths = (
			);
			outputPaths = (
				"$(DERIVED_FILE_DIR)/Pods-StoneChallenge-checkManifestLockResult.txt",
			);
			runOnlyForDeploymentPostprocessing = 0;
			shellPath = /bin/sh;
			shellScript = "diff \"${PODS_PODFILE_DIR_PATH}/Podfile.lock\" \"${PODS_ROOT}/Manifest.lock\" > /dev/null\nif [ $? != 0 ] ; then\n    # print error to STDERR\n    echo \"error: The sandbox is not in sync with the Podfile.lock. Run 'pod install' or update your CocoaPods installation.\" >&2\n    exit 1\nfi\n# This output is used by Xcode 'outputs' to avoid re-running this script phase.\necho \"SUCCESS\" > \"${SCRIPT_OUTPUT_FILE_0}\"\n";
			showEnvVarsInLog = 0;
		};
		569EE77CD45FFD624A3987FF /* [CP] Embed Pods Frameworks */ = {
			isa = PBXShellScriptBuildPhase;
			buildActionMask = 2147483647;
			files = (
			);
			inputFileListPaths = (
				"${PODS_ROOT}/Target Support Files/Pods-StoneChallenge/Pods-StoneChallenge-frameworks-${CONFIGURATION}-input-files.xcfilelist",
			);
			name = "[CP] Embed Pods Frameworks";
			outputFileListPaths = (
				"${PODS_ROOT}/Target Support Files/Pods-StoneChallenge/Pods-StoneChallenge-frameworks-${CONFIGURATION}-output-files.xcfilelist",
			);
			runOnlyForDeploymentPostprocessing = 0;
			shellPath = /bin/sh;
			shellScript = "\"${PODS_ROOT}/Target Support Files/Pods-StoneChallenge/Pods-StoneChallenge-frameworks.sh\"\n";
			showEnvVarsInLog = 0;
		};
/* End PBXShellScriptBuildPhase section */

/* Begin PBXSourcesBuildPhase section */
		C1D069342767DA8B00883CE8 /* Sources */ = {
			isa = PBXSourcesBuildPhase;
			buildActionMask = 2147483647;
			files = (
				507CAA5E2A4A8802002E5793 /* ResponseCharacterModel.swift in Sources */,
				509762582A493C4800AC6066 /* UIButton.swift in Sources */,
				5097625C2A493D1F00AC6066 /* StackView.swift in Sources */,
				507CAA5A2A4A8450002E5793 /* FilterType.swift in Sources */,
				C1D0693C2767DA8B00883CE8 /* AppDelegate.swift in Sources */,
				5028788E2A4A2102001832ED /* CharacterModel.swift in Sources */,
				5028788C2A495E19001832ED /* HomeViewModel+UICollectionViewDelegate.swift in Sources */,
				5028788A2A495D74001832ED /* HomeViewModel+UICollectionViewDataSource.swift in Sources */,
				C1D0693E2767DA8B00883CE8 /* SceneDelegate.swift in Sources */,
				507CAA582A4A7DE8002E5793 /* HomeViewModel.swift in Sources */,
				507CAA6C2A4B8CB7002E5793 /* CharacterDetailCoordinator.swift in Sources */,
				507CAA5C2A4A854B002E5793 /* HomeViewModel+Service.swift in Sources */,
				507CAA612A4AA74C002E5793 /* ServiceManager.swift in Sources */,
				507CAA6A2A4B8B7A002E5793 /* HomeCoordinator.swift in Sources */,
				5097625A2A493CA100AC6066 /* UIView+Constraints.swift in Sources */,
				507CAA722A4BBBB5002E5793 /* CharacterDetailView.swift in Sources */,
				C1D069552767DE6800883CE8 /* HomeView.swift in Sources */,
				507CAA672A4B8A18002E5793 /* CharacterDetailViewController.swift in Sources */,
				507CAA562A4A4436002E5793 /* CharacterViewCell.swift in Sources */,
				509762502A48E68400AC6066 /* HomeViewController.swift in Sources */,
			);
			runOnlyForDeploymentPostprocessing = 0;
		};
/* End PBXSourcesBuildPhase section */

/* Begin PBXVariantGroup section */
		C1D069462767DA8C00883CE8 /* LaunchScreen.storyboard */ = {
			isa = PBXVariantGroup;
			children = (
				C1D069472767DA8C00883CE8 /* Base */,
			);
			name = LaunchScreen.storyboard;
			sourceTree = "<group>";
		};
/* End PBXVariantGroup section */

/* Begin XCBuildConfiguration section */
		C1D0694A2767DA8C00883CE8 /* Debug */ = {
			isa = XCBuildConfiguration;
			buildSettings = {
				ALWAYS_SEARCH_USER_PATHS = NO;
				CLANG_ANALYZER_NONNULL = YES;
				CLANG_ANALYZER_NUMBER_OBJECT_CONVERSION = YES_AGGRESSIVE;
				CLANG_CXX_LANGUAGE_STANDARD = "gnu++17";
				CLANG_CXX_LIBRARY = "libc++";
				CLANG_ENABLE_MODULES = YES;
				CLANG_ENABLE_OBJC_ARC = YES;
				CLANG_ENABLE_OBJC_WEAK = YES;
				CLANG_WARN_BLOCK_CAPTURE_AUTORELEASING = YES;
				CLANG_WARN_BOOL_CONVERSION = YES;
				CLANG_WARN_COMMA = YES;
				CLANG_WARN_CONSTANT_CONVERSION = YES;
				CLANG_WARN_DEPRECATED_OBJC_IMPLEMENTATIONS = YES;
				CLANG_WARN_DIRECT_OBJC_ISA_USAGE = YES_ERROR;
				CLANG_WARN_DOCUMENTATION_COMMENTS = YES;
				CLANG_WARN_EMPTY_BODY = YES;
				CLANG_WARN_ENUM_CONVERSION = YES;
				CLANG_WARN_INFINITE_RECURSION = YES;
				CLANG_WARN_INT_CONVERSION = YES;
				CLANG_WARN_NON_LITERAL_NULL_CONVERSION = YES;
				CLANG_WARN_OBJC_IMPLICIT_RETAIN_SELF = YES;
				CLANG_WARN_OBJC_LITERAL_CONVERSION = YES;
				CLANG_WARN_OBJC_ROOT_CLASS = YES_ERROR;
				CLANG_WARN_QUOTED_INCLUDE_IN_FRAMEWORK_HEADER = YES;
				CLANG_WARN_RANGE_LOOP_ANALYSIS = YES;
				CLANG_WARN_STRICT_PROTOTYPES = YES;
				CLANG_WARN_SUSPICIOUS_MOVE = YES;
				CLANG_WARN_UNGUARDED_AVAILABILITY = YES_AGGRESSIVE;
				CLANG_WARN_UNREACHABLE_CODE = YES;
				CLANG_WARN__DUPLICATE_METHOD_MATCH = YES;
				COPY_PHASE_STRIP = NO;
				DEBUG_INFORMATION_FORMAT = dwarf;
				ENABLE_STRICT_OBJC_MSGSEND = YES;
				ENABLE_TESTABILITY = YES;
				GCC_C_LANGUAGE_STANDARD = gnu11;
				GCC_DYNAMIC_NO_PIC = NO;
				GCC_NO_COMMON_BLOCKS = YES;
				GCC_OPTIMIZATION_LEVEL = 0;
				GCC_PREPROCESSOR_DEFINITIONS = (
					"DEBUG=1",
					"$(inherited)",
				);
				GCC_WARN_64_TO_32_BIT_CONVERSION = YES;
				GCC_WARN_ABOUT_RETURN_TYPE = YES_ERROR;
				GCC_WARN_UNDECLARED_SELECTOR = YES;
				GCC_WARN_UNINITIALIZED_AUTOS = YES_AGGRESSIVE;
				GCC_WARN_UNUSED_FUNCTION = YES;
				GCC_WARN_UNUSED_VARIABLE = YES;
				IPHONEOS_DEPLOYMENT_TARGET = 13.0;
				MTL_ENABLE_DEBUG_INFO = INCLUDE_SOURCE;
				MTL_FAST_MATH = YES;
				ONLY_ACTIVE_ARCH = YES;
				SDKROOT = iphoneos;
				SWIFT_ACTIVE_COMPILATION_CONDITIONS = DEBUG;
				SWIFT_OPTIMIZATION_LEVEL = "-Onone";
			};
			name = Debug;
		};
		C1D0694B2767DA8C00883CE8 /* Release */ = {
			isa = XCBuildConfiguration;
			buildSettings = {
				ALWAYS_SEARCH_USER_PATHS = NO;
				CLANG_ANALYZER_NONNULL = YES;
				CLANG_ANALYZER_NUMBER_OBJECT_CONVERSION = YES_AGGRESSIVE;
				CLANG_CXX_LANGUAGE_STANDARD = "gnu++17";
				CLANG_CXX_LIBRARY = "libc++";
				CLANG_ENABLE_MODULES = YES;
				CLANG_ENABLE_OBJC_ARC = YES;
				CLANG_ENABLE_OBJC_WEAK = YES;
				CLANG_WARN_BLOCK_CAPTURE_AUTORELEASING = YES;
				CLANG_WARN_BOOL_CONVERSION = YES;
				CLANG_WARN_COMMA = YES;
				CLANG_WARN_CONSTANT_CONVERSION = YES;
				CLANG_WARN_DEPRECATED_OBJC_IMPLEMENTATIONS = YES;
				CLANG_WARN_DIRECT_OBJC_ISA_USAGE = YES_ERROR;
				CLANG_WARN_DOCUMENTATION_COMMENTS = YES;
				CLANG_WARN_EMPTY_BODY = YES;
				CLANG_WARN_ENUM_CONVERSION = YES;
				CLANG_WARN_INFINITE_RECURSION = YES;
				CLANG_WARN_INT_CONVERSION = YES;
				CLANG_WARN_NON_LITERAL_NULL_CONVERSION = YES;
				CLANG_WARN_OBJC_IMPLICIT_RETAIN_SELF = YES;
				CLANG_WARN_OBJC_LITERAL_CONVERSION = YES;
				CLANG_WARN_OBJC_ROOT_CLASS = YES_ERROR;
				CLANG_WARN_QUOTED_INCLUDE_IN_FRAMEWORK_HEADER = YES;
				CLANG_WARN_RANGE_LOOP_ANALYSIS = YES;
				CLANG_WARN_STRICT_PROTOTYPES = YES;
				CLANG_WARN_SUSPICIOUS_MOVE = YES;
				CLANG_WARN_UNGUARDED_AVAILABILITY = YES_AGGRESSIVE;
				CLANG_WARN_UNREACHABLE_CODE = YES;
				CLANG_WARN__DUPLICATE_METHOD_MATCH = YES;
				COPY_PHASE_STRIP = NO;
				DEBUG_INFORMATION_FORMAT = "dwarf-with-dsym";
				ENABLE_NS_ASSERTIONS = NO;
				ENABLE_STRICT_OBJC_MSGSEND = YES;
				GCC_C_LANGUAGE_STANDARD = gnu11;
				GCC_NO_COMMON_BLOCKS = YES;
				GCC_WARN_64_TO_32_BIT_CONVERSION = YES;
				GCC_WARN_ABOUT_RETURN_TYPE = YES_ERROR;
				GCC_WARN_UNDECLARED_SELECTOR = YES;
				GCC_WARN_UNINITIALIZED_AUTOS = YES_AGGRESSIVE;
				GCC_WARN_UNUSED_FUNCTION = YES;
				GCC_WARN_UNUSED_VARIABLE = YES;
				IPHONEOS_DEPLOYMENT_TARGET = 13.0;
				MTL_ENABLE_DEBUG_INFO = NO;
				MTL_FAST_MATH = YES;
				SDKROOT = iphoneos;
				SWIFT_COMPILATION_MODE = wholemodule;
				SWIFT_OPTIMIZATION_LEVEL = "-O";
				VALIDATE_PRODUCT = YES;
			};
			name = Release;
		};
		C1D0694D2767DA8C00883CE8 /* Debug */ = {
			isa = XCBuildConfiguration;
			baseConfigurationReference = 79436EDA9F0E42471EA444AE /* Pods-StoneChallenge.debug.xcconfig */;
			buildSettings = {
				ASSETCATALOG_COMPILER_APPICON_NAME = AppIcon;
				ASSETCATALOG_COMPILER_GLOBAL_ACCENT_COLOR_NAME = AccentColor;
				CODE_SIGN_STYLE = Automatic;
				CURRENT_PROJECT_VERSION = 1;
				DEVELOPMENT_TEAM = GYJ684Z772;
				GENERATE_INFOPLIST_FILE = YES;
				INFOPLIST_FILE = StoneChallenge/Sources/Application/Info.plist;
				INFOPLIST_KEY_UIApplicationSupportsIndirectInputEvents = YES;
				INFOPLIST_KEY_UILaunchStoryboardName = LaunchScreen;
				INFOPLIST_KEY_UIMainStoryboardFile = LaunchScreen;
				INFOPLIST_KEY_UISupportedInterfaceOrientations = UIInterfaceOrientationPortrait;
				INFOPLIST_KEY_UISupportedInterfaceOrientations_iPad = "UIInterfaceOrientationPortrait UIInterfaceOrientationPortraitUpsideDown UIInterfaceOrientationLandscapeLeft UIInterfaceOrientationLandscapeRight";
				INFOPLIST_KEY_UISupportedInterfaceOrientations_iPhone = "UIInterfaceOrientationPortrait UIInterfaceOrientationLandscapeLeft UIInterfaceOrientationLandscapeRight";
				IPHONEOS_DEPLOYMENT_TARGET = 14.0;
				LD_RUNPATH_SEARCH_PATHS = (
					"$(inherited)",
					"@executable_path/Frameworks",
				);
				MARKETING_VERSION = 1.0;
				PRODUCT_BUNDLE_IDENTIFIER = co.stone.Challenge;
				PRODUCT_NAME = "$(TARGET_NAME)";
				SWIFT_EMIT_LOC_STRINGS = YES;
				SWIFT_VERSION = 5.0;
				TARGETED_DEVICE_FAMILY = "1,2";
			};
			name = Debug;
		};
		C1D0694E2767DA8C00883CE8 /* Release */ = {
			isa = XCBuildConfiguration;
			baseConfigurationReference = 5AA20EB4ED17347D60CA521D /* Pods-StoneChallenge.release.xcconfig */;
			buildSettings = {
				ASSETCATALOG_COMPILER_APPICON_NAME = AppIcon;
				ASSETCATALOG_COMPILER_GLOBAL_ACCENT_COLOR_NAME = AccentColor;
				CODE_SIGN_STYLE = Automatic;
				CURRENT_PROJECT_VERSION = 1;
				DEVELOPMENT_TEAM = GYJ684Z772;
				GENERATE_INFOPLIST_FILE = YES;
				INFOPLIST_FILE = StoneChallenge/Sources/Application/Info.plist;
				INFOPLIST_KEY_UIApplicationSupportsIndirectInputEvents = YES;
				INFOPLIST_KEY_UILaunchStoryboardName = LaunchScreen;
				INFOPLIST_KEY_UIMainStoryboardFile = LaunchScreen;
				INFOPLIST_KEY_UISupportedInterfaceOrientations = UIInterfaceOrientationPortrait;
				INFOPLIST_KEY_UISupportedInterfaceOrientations_iPad = "UIInterfaceOrientationPortrait UIInterfaceOrientationPortraitUpsideDown UIInterfaceOrientationLandscapeLeft UIInterfaceOrientationLandscapeRight";
				INFOPLIST_KEY_UISupportedInterfaceOrientations_iPhone = "UIInterfaceOrientationPortrait UIInterfaceOrientationLandscapeLeft UIInterfaceOrientationLandscapeRight";
				IPHONEOS_DEPLOYMENT_TARGET = 14.0;
				LD_RUNPATH_SEARCH_PATHS = (
					"$(inherited)",
					"@executable_path/Frameworks",
				);
				MARKETING_VERSION = 1.0;
				PRODUCT_BUNDLE_IDENTIFIER = co.stone.Challenge;
				PRODUCT_NAME = "$(TARGET_NAME)";
				SWIFT_EMIT_LOC_STRINGS = YES;
				SWIFT_VERSION = 5.0;
				TARGETED_DEVICE_FAMILY = "1,2";
			};
			name = Release;
		};
/* End XCBuildConfiguration section */

/* Begin XCConfigurationList section */
		C1D069332767DA8B00883CE8 /* Build configuration list for PBXProject "StoneChallenge" */ = {
			isa = XCConfigurationList;
			buildConfigurations = (
				C1D0694A2767DA8C00883CE8 /* Debug */,
				C1D0694B2767DA8C00883CE8 /* Release */,
			);
			defaultConfigurationIsVisible = 0;
			defaultConfigurationName = Release;
		};
		C1D0694C2767DA8C00883CE8 /* Build configuration list for PBXNativeTarget "StoneChallenge" */ = {
			isa = XCConfigurationList;
			buildConfigurations = (
				C1D0694D2767DA8C00883CE8 /* Debug */,
				C1D0694E2767DA8C00883CE8 /* Release */,
			);
			defaultConfigurationIsVisible = 0;
			defaultConfigurationName = Release;
		};
/* End XCConfigurationList section */
	};
	rootObject = C1D069302767DA8B00883CE8 /* Project object */;
}
